{
  "nodes": {
    "disko": {
      "inputs": {
        "nixpkgs": [
          "nixpkgs"
        ]
      },
      "locked": {
        "lastModified": 1768920986,
        "narHash": "sha256-CNzzBsRhq7gg4BMBuTDObiWDH/rFYHEuDRVOwCcwXw4=",
        "owner": "nix-community",
        "repo": "disko",
        "rev": "de5708739256238fb912c62f03988815db89ec9a",
        "type": "github"
      },
      "original": {
        "owner": "nix-community",
        "ref": "latest",
        "repo": "disko",
        "type": "github"
      }
    },
    "home-manager": {
      "inputs": {
        "nixpkgs": [
          "nixpkgs"
        ]
      },
      "locked": {
        "lastModified": 1779726825,
        "narHash": "sha256-RUkMrREjKDQrA+dA9+xZviGAxM5W1aVdyOr/bSYpHrE=",
        "owner": "nix-community",
        "repo": "home-manager",
        "rev": "b179bde238977f7d4454fc770b1a727eaf55111c",
        "type": "github"
      },
      "original": {
        "owner": "nix-community",
        "ref": "release-26.05",
        "repo": "home-manager",
        "type": "github"
      }
    },
    "my-secrets": {
      "flake": false,
      "locked": {
        "lastModified": 1780246335,
        "narHash": "sha256-a6JKGOH9FdKCjJrM0Jmdedw3yaxda/smnhhh5DzJcQQ=",
        "ref": "main",
        "rev": "cd718685c82755760dc2ffe049d37b32dd3776e3",
        "shallow": true,
        "type": "git",
        "url": "ssh://git@github.com/skiinganchor/config-private.git"
      },
      "original": {
        "ref": "main",
        "shallow": true,
        "type": "git",
        "url": "ssh://git@github.com/skiinganchor/config-private.git"
      }
    },
    "nixpkgs": {
      "locked": {
        "lastModified": 1780051219,
        "narHash": "sha256-WnxzG4x47uCgjz+uD+vOzbF+Qid+hKyYdJWbduA9w7g=",
        "owner": "NixOS",
        "repo": "nixpkgs",
        "rev": "e8e446a361172fe838243958325845d0b845c5e5",
        "type": "github"
      },
      "original": {
        "owner": "NixOS",
        "ref": "nixos-26.05",
        "repo": "nixpkgs",
        "type": "github"
      }
    },
    "nixpkgs-master": {
      "locked": {
        "lastModified": 1780245608,
        "narHash": "sha256-vhSe7ASHSTIfCDFZiUMyG+TQp+pXNgLsqFqH5ZAy1oY=",
        "owner": "NixOS",
        "repo": "nixpkgs",
        "rev": "4f938e6dac1978e9168a358962ae0b873625927d",
        "type": "github"
      },
      "original": {
        "owner": "NixOS",
        "ref": "master",
        "repo": "nixpkgs",
        "type": "github"
      }
    },
    "nixpkgs-unstable": {
      "locked": {
        "lastModified": 1779560665,
        "narHash": "sha256-tpyBcxPpcQb8ukyNF7DoCwfSY3VPsxHoYwj00Cayv5o=",
        "owner": "NixOS",
        "repo": "nixpkgs",
        "rev": "64c08a7ca051951c8eae34e3e3cb1e202fe36786",
        "type": "github"
      },
      "original": {
        "owner": "NixOS",
        "ref": "nixos-unstable",
        "repo": "nixpkgs",
        "type": "github"
      }
    },
    "root": {
      "inputs": {
        "disko": "disko",
        "home-manager": "home-manager",
        "my-secrets": "my-secrets",
        "nixpkgs": "nixpkgs",
        "nixpkgs-master": "nixpkgs-master",
        "nixpkgs-unstable": "nixpkgs-unstable",
        "sops-nix": "sops-nix"
      }
    },
    "sops-nix": {
      "inputs": {
        "nixpkgs": [
          "nixpkgs"
        ]
      },
      "locked": {
        "lastModified": 1777944972,
        "narHash": "sha256-VfGRo1qTBKOe3s2gOv8LSoA6Fk19PvBlwQ1ECN0Evn8=",
        "owner": "Mic92",
        "repo": "sops-nix",
        "rev": "c591bf665727040c6cc5cb409079acb22dcce33c",
        "type": "github"
      },
      "original": {
        "owner": "Mic92",
        "repo": "sops-nix",
        "type": "github"
      }
    }
  },
  "root": "root",
  "version": 7
}
